
Microsoft Visual Studio Solution File, Format Version 12.00
# Visual Studio 14
VisualStudioVersion = 14.0.25420.1
MinimumVisualStudioVersion = 10.0.40219.1
Project("{FAE04EC0-301F-11D3-BF4B-00C04F79EFBC}") = "EJClient", "EJClient\EJClient.csproj", "{B8036D92-2D73-428E-B12A-79D39F0BEDF2}"
EndProject
Project("{FAE04EC0-301F-11D3-BF4B-00C04F79EFBC}") = "ECWeb", "ECWeb\ECWeb.csproj", "{048F3DEE-AE80-4E6E-B3B8-1753561FF939}"
EndProject
Project("{FAE04EC0-301F-11D3-BF4B-00C04F79EFBC}") = "Copy", "Copy\Copy.csproj", "{90F86D77-0178-46B5-BF34-9F80D14CC343}"
EndProject
Project("{FAE04EC0-301F-11D3-BF4B-00C04F79EFBC}") = "AppLib", "AppLib\AppLib.csproj", "{14DC2FE1-93EF-409C-95F0-81FC2D738FE9}"
EndProject
Project("{FAE04EC0-301F-11D3-BF4B-00C04F79EFBC}") = "Test", "Test\Test.csproj", "{A11701A0-6E1D-4637-B0FE-AD7B7632CA8C}"
EndProject
Project("{8BB2217D-0F2D-49D1-97BC-3654ED321F3B}") = "Way.EntityDB", "Way.EntityDB\Way.EntityDB.xproj", "{4D98CCBE-FC9D-4250-BCB3-0ECFE1CD1C63}"
EndProject
Project("{8BB2217D-0F2D-49D1-97BC-3654ED321F3B}") = "Way.Lib", "Way.Lib\Way.Lib.xproj", "{5698AEF7-FE1C-4ECD-A615-04AC7342F552}"
EndProject
Project("{8BB2217D-0F2D-49D1-97BC-3654ED321F3B}") = "Way.Lib.ScriptRemoting", "Way.Lib.ScriptRemoting\Way.Lib.ScriptRemoting.xproj", "{37444D21-CB0B-4AF2-A35A-9B78E1464361}"
EndProject
Project("{8BB2217D-0F2D-49D1-97BC-3654ED321F3B}") = "Way.Lib.ScriptRemoting.Test", "Way.Lib.ScriptRemoting.Test\Way.Lib.ScriptRemoting.Test.xproj", "{F4864DDF-59A4-4DD3-8125-1735D93D640C}"
EndProject
Project("{FAE04EC0-301F-11D3-BF4B-00C04F79EFBC}") = "Way.Lib.ScriptRemoting.Test.Web", "Way.Lib.ScriptRemoting.Test.Web\Way.Lib.ScriptRemoting.Test.Web.csproj", "{D7D0E99D-0068-4DFD-AAF2-0FDC2B4448DE}"
EndProject
Project("{FAE04EC0-301F-11D3-BF4B-00C04F79EFBC}") = "Way.Lib.ScriptRemoting.CodeBuilder", "Way.Lib.ScriptRemoting.CodeBuilder\Way.Lib.ScriptRemoting.CodeBuilder.csproj", "{8591F3D7-7DED-4E88-9106-46A4D512B4B0}"
EndProject
Project("{8BB2217D-0F2D-49D1-97BC-3654ED321F3B}") = "Way.Lib.ScriptRemoting.Test.Mvc", "Way.Lib.ScriptRemoting.Test.Mvc\Way.Lib.ScriptRemoting.Test.Mvc.xproj", "{31D0C9A3-B0AB-477F-A27D-9350B0CABD7A}"
EndProject
Project("{FAE04EC0-301F-11D3-BF4B-00C04F79EFBC}") = "Way.Lib.VSIX", "Way.Lib.VSIX\Way.Lib.VSIX.csproj", "{FE39FFD1-9B21-476E-83F9-50B65B8C75C1}"
EndProject
Project("{FAE04EC0-301F-11D3-BF4B-00C04F79EFBC}") = "Way.Lib.VSIX.Extend", "Way.Lib.VSIX.Extend\Way.Lib.VSIX.Extend.csproj", "{F7D593FF-A51A-4A20-8DA4-17EB11B76CFB}"
EndProject
Project("{FAE04EC0-301F-11D3-BF4B-00C04F79EFBC}") = "Way.Lib.VSIX.Extend.Test", "Way.Lib.VSIX.Extend.Test\Way.Lib.VSIX.Extend.Test.csproj", "{BC71C20D-22C5-4C25-98C1-2F7C4D660B2B}"
EndProject
Global
	GlobalSection(SolutionConfigurationPlatforms) = preSolution
		Debug|Any CPU = Debug|Any CPU
		Release|Any CPU = Release|Any CPU
	EndGlobalSection
	GlobalSection(ProjectConfigurationPlatforms) = postSolution
		{B8036D92-2D73-428E-B12A-79D39F0BEDF2}.Debug|Any CPU.ActiveCfg = Debug|Any CPU
		{B8036D92-2D73-428E-B12A-79D39F0BEDF2}.Debug|Any CPU.Build.0 = Debug|Any CPU
		{B8036D92-2D73-428E-B12A-79D39F0BEDF2}.Release|Any CPU.ActiveCfg = Release|Any CPU
		{B8036D92-2D73-428E-B12A-79D39F0BEDF2}.Release|Any CPU.Build.0 = Release|Any CPU
		{048F3DEE-AE80-4E6E-B3B8-1753561FF939}.Debug|Any CPU.ActiveCfg = Debug|Any CPU
		{048F3DEE-AE80-4E6E-B3B8-1753561FF939}.Debug|Any CPU.Build.0 = Debug|Any CPU
		{048F3DEE-AE80-4E6E-B3B8-1753561FF939}.Release|Any CPU.ActiveCfg = Release|Any CPU
		{048F3DEE-AE80-4E6E-B3B8-1753561FF939}.Release|Any CPU.Build.0 = Release|Any CPU
		{90F86D77-0178-46B5-BF34-9F80D14CC343}.Debug|Any CPU.ActiveCfg = Debug|Any CPU
		{90F86D77-0178-46B5-BF34-9F80D14CC343}.Debug|Any CPU.Build.0 = Debug|Any CPU
		{90F86D77-0178-46B5-BF34-9F80D14CC343}.Release|Any CPU.ActiveCfg = Release|Any CPU
		{90F86D77-0178-46B5-BF34-9F80D14CC343}.Release|Any CPU.Build.0 = Release|Any CPU
		{14DC2FE1-93EF-409C-95F0-81FC2D738FE9}.Debug|Any CPU.ActiveCfg = Debug|Any CPU
		{14DC2FE1-93EF-409C-95F0-81FC2D738FE9}.Debug|Any CPU.Build.0 = Debug|Any CPU
		{14DC2FE1-93EF-409C-95F0-81FC2D738FE9}.Release|Any CPU.ActiveCfg = Release|Any CPU
		{14DC2FE1-93EF-409C-95F0-81FC2D738FE9}.Release|Any CPU.Build.0 = Release|Any CPU
		{A11701A0-6E1D-4637-B0FE-AD7B7632CA8C}.Debug|Any CPU.ActiveCfg = Debug|Any CPU
		{A11701A0-6E1D-4637-B0FE-AD7B7632CA8C}.Debug|Any CPU.Build.0 = Debug|Any CPU
		{A11701A0-6E1D-4637-B0FE-AD7B7632CA8C}.Release|Any CPU.ActiveCfg = Release|Any CPU
		{A11701A0-6E1D-4637-B0FE-AD7B7632CA8C}.Release|Any CPU.Build.0 = Release|Any CPU
		{4D98CCBE-FC9D-4250-BCB3-0ECFE1CD1C63}.Debug|Any CPU.ActiveCfg = Debug|Any CPU
		{4D98CCBE-FC9D-4250-BCB3-0ECFE1CD1C63}.Debug|Any CPU.Build.0 = Debug|Any CPU
		{4D98CCBE-FC9D-4250-BCB3-0ECFE1CD1C63}.Release|Any CPU.ActiveCfg = Release|Any CPU
		{4D98CCBE-FC9D-4250-BCB3-0ECFE1CD1C63}.Release|Any CPU.Build.0 = Release|Any CPU
		{5698AEF7-FE1C-4ECD-A615-04AC7342F552}.Debug|Any CPU.ActiveCfg = Debug|Any CPU
		{5698AEF7-FE1C-4ECD-A615-04AC7342F552}.Debug|Any CPU.Build.0 = Debug|Any CPU
		{5698AEF7-FE1C-4ECD-A615-04AC7342F552}.Release|Any CPU.ActiveCfg = Release|Any CPU
		{5698AEF7-FE1C-4ECD-A615-04AC7342F552}.Release|Any CPU.Build.0 = Release|Any CPU
		{37444D21-CB0B-4AF2-A35A-9B78E1464361}.Debug|Any CPU.ActiveCfg = Debug|Any CPU
		{37444D21-CB0B-4AF2-A35A-9B78E1464361}.Debug|Any CPU.Build.0 = Debug|Any CPU
		{37444D21-CB0B-4AF2-A35A-9B78E1464361}.Release|Any CPU.ActiveCfg = Release|Any CPU
		{37444D21-CB0B-4AF2-A35A-9B78E1464361}.Release|Any CPU.Build.0 = Release|Any CPU
		{F4864DDF-59A4-4DD3-8125-1735D93D640C}.Debug|Any CPU.ActiveCfg = Debug|Any CPU
		{F4864DDF-59A4-4DD3-8125-1735D93D640C}.Debug|Any CPU.Build.0 = Debug|Any CPU
		{F4864DDF-59A4-4DD3-8125-1735D93D640C}.Release|Any CPU.ActiveCfg = Release|Any CPU
		{F4864DDF-59A4-4DD3-8125-1735D93D640C}.Release|Any CPU.Build.0 = Release|Any CPU
		{D7D0E99D-0068-4DFD-AAF2-0FDC2B4448DE}.Debug|Any CPU.ActiveCfg = Debug|Any CPU
		{D7D0E99D-0068-4DFD-AAF2-0FDC2B4448DE}.Debug|Any CPU.Build.0 = Debug|Any CPU
		{D7D0E99D-0068-4DFD-AAF2-0FDC2B4448DE}.Release|Any CPU.ActiveCfg = Release|Any CPU
		{D7D0E99D-0068-4DFD-AAF2-0FDC2B4448DE}.Release|Any CPU.Build.0 = Release|Any CPU
		{8591F3D7-7DED-4E88-9106-46A4D512B4B0}.Debug|Any CPU.ActiveCfg = Debug|Any CPU
		{8591F3D7-7DED-4E88-9106-46A4D512B4B0}.Debug|Any CPU.Build.0 = Debug|Any CPU
		{8591F3D7-7DED-4E88-9106-46A4D512B4B0}.Release|Any CPU.ActiveCfg = Release|Any CPU
		{8591F3D7-7DED-4E88-9106-46A4D512B4B0}.Release|Any CPU.Build.0 = Release|Any CPU
		{31D0C9A3-B0AB-477F-A27D-9350B0CABD7A}.Debug|Any CPU.ActiveCfg = Debug|Any CPU
		{31D0C9A3-B0AB-477F-A27D-9350B0CABD7A}.Debug|Any CPU.Build.0 = Debug|Any CPU
		{31D0C9A3-B0AB-477F-A27D-9350B0CABD7A}.Release|Any CPU.ActiveCfg = Release|Any CPU
		{31D0C9A3-B0AB-477F-A27D-9350B0CABD7A}.Release|Any CPU.Build.0 = Release|Any CPU
		{FE39FFD1-9B21-476E-83F9-50B65B8C75C1}.Debug|Any CPU.ActiveCfg = Debug|Any CPU
		{FE39FFD1-9B21-476E-83F9-50B65B8C75C1}.Debug|Any CPU.Build.0 = Debug|Any CPU
		{FE39FFD1-9B21-476E-83F9-50B65B8C75C1}.Release|Any CPU.ActiveCfg = Release|Any CPU
		{FE39FFD1-9B21-476E-83F9-50B65B8C75C1}.Release|Any CPU.Build.0 = Release|Any CPU
		{F7D593FF-A51A-4A20-8DA4-17EB11B76CFB}.Debug|Any CPU.ActiveCfg = Debug|Any CPU
		{F7D593FF-A51A-4A20-8DA4-17EB11B76CFB}.Debug|Any CPU.Build.0 = Debug|Any CPU
		{F7D593FF-A51A-4A20-8DA4-17EB11B76CFB}.Release|Any CPU.ActiveCfg = Release|Any CPU
		{F7D593FF-A51A-4A20-8DA4-17EB11B76CFB}.Release|Any CPU.Build.0 = Release|Any CPU
		{BC71C20D-22C5-4C25-98C1-2F7C4D660B2B}.Debug|Any CPU.ActiveCfg = Debug|Any CPU
		{BC71C20D-22C5-4C25-98C1-2F7C4D660B2B}.Debug|Any CPU.Build.0 = Debug|Any CPU
		{BC71C20D-22C5-4C25-98C1-2F7C4D660B2B}.Release|Any CPU.ActiveCfg = Release|Any CPU
		{BC71C20D-22C5-4C25-98C1-2F7C4D660B2B}.Release|Any CPU.Build.0 = Release|Any CPU
	EndGlobalSection
	GlobalSection(SolutionProperties) = preSolution
		HideSolutionNode = FALSE
	EndGlobalSection
EndGlobal
