
Microsoft Visual Studio Solution File, Format Version 12.00
# Visual Studio 15
VisualStudioVersion = 15.0.26730.3
MinimumVisualStudioVersion = 10.0.40219.1
Project("{2150E333-8FDC-42A3-9474-1A3956D46DE8}") = "Solution Items", "Solution Items", "{B0BFDD8E-7A73-4D5E-A1C0-BC212AFB5E8B}"
EndProject
Project("{FAE04EC0-301F-11D3-BF4B-00C04F79EFBC}") = "EJClient", "EJClient\EJClient.csproj", "{B8036D92-2D73-428E-B12A-79D39F0BEDF2}"
EndProject
Project("{FAE04EC0-301F-11D3-BF4B-00C04F79EFBC}") = "Copy", "Copy\Copy.csproj", "{90F86D77-0178-46B5-BF34-9F80D14CC343}"
EndProject
Project("{FAE04EC0-301F-11D3-BF4B-00C04F79EFBC}") = "AppLib", "AppLib\AppLib.csproj", "{14DC2FE1-93EF-409C-95F0-81FC2D738FE9}"
EndProject
Project("{9A19103F-16F7-4668-BE54-9A1E7A4F7556}") = "Way.Lib", "Way.Lib\Way.Lib.csproj", "{5698AEF7-FE1C-4ECD-A615-04AC7342F552}"
EndProject
Project("{9A19103F-16F7-4668-BE54-9A1E7A4F7556}") = "Way.Lib.ScriptRemoting", "Way.Lib.ScriptRemoting\Way.Lib.ScriptRemoting.csproj", "{37444D21-CB0B-4AF2-A35A-9B78E1464361}"
EndProject
Project("{9A19103F-16F7-4668-BE54-9A1E7A4F7556}") = "Way.Lib.ScriptRemoting.Test", "Way.Lib.ScriptRemoting.Test\Way.Lib.ScriptRemoting.Test.csproj", "{F4864DDF-59A4-4DD3-8125-1735D93D640C}"
EndProject
Project("{FAE04EC0-301F-11D3-BF4B-00C04F79EFBC}") = "Way.Lib.ScriptRemoting.Test.Web", "Way.Lib.ScriptRemoting.Test.Web\Way.Lib.ScriptRemoting.Test.Web.csproj", "{D7D0E99D-0068-4DFD-AAF2-0FDC2B4448DE}"
EndProject
Project("{FAE04EC0-301F-11D3-BF4B-00C04F79EFBC}") = "Way.Lib.VSIX", "Way.Lib.VSIX\Way.Lib.VSIX.csproj", "{FE39FFD1-9B21-476E-83F9-50B65B8C75C1}"
EndProject
Project("{FAE04EC0-301F-11D3-BF4B-00C04F79EFBC}") = "Way.Lib.VSIX.Extend", "Way.Lib.VSIX.Extend\Way.Lib.VSIX.Extend.csproj", "{F7D593FF-A51A-4A20-8DA4-17EB11B76CFB}"
EndProject
Project("{FAE04EC0-301F-11D3-BF4B-00C04F79EFBC}") = "Way.Lib.VSIX.Extend.Test", "Way.Lib.VSIX.Extend.Test\Way.Lib.VSIX.Extend.Test.csproj", "{BC71C20D-22C5-4C25-98C1-2F7C4D660B2B}"
EndProject
Project("{FAE04EC0-301F-11D3-BF4B-00C04F79EFBC}") = "Way.Lib.Pay", "Way.Lib.Pay\Way.Lib.Pay.csproj", "{436D2EE6-3EBB-455E-8ACC-934071C4A385}"
EndProject
Project("{9A19103F-16F7-4668-BE54-9A1E7A4F7556}") = "Way.EJServer", "Way.EJServer\Way.EJServer.csproj", "{E0F8AC82-91DD-4F6D-A15F-BAD003667C15}"
EndProject
Project("{9A19103F-16F7-4668-BE54-9A1E7A4F7556}") = "PandaAudioServer", "PandaAudioServer\PandaAudioServer.csproj", "{5B71FF0E-ED43-43EA-AD75-D9AFFBE16122}"
EndProject
Project("{9A19103F-16F7-4668-BE54-9A1E7A4F7556}") = "PandaAudioServerUnitTest", "PandaAudioServerUnitTest\PandaAudioServerUnitTest.csproj", "{BAC10FAA-B2B9-4A43-A807-857AA1C0C616}"
EndProject
Project("{9A19103F-16F7-4668-BE54-9A1E7A4F7556}") = "Way.Lib.ScriptRemotingUnitTest", "Way.Lib.ScriptRemotingUnitTest\Way.Lib.ScriptRemotingUnitTest.csproj", "{09E21982-D028-497A-8990-633BAD8332F3}"
EndProject
Project("{9A19103F-16F7-4668-BE54-9A1E7A4F7556}") = "Way.EntityDB", "Way.EntityDB\Way.EntityDB.csproj", "{7ABF958A-1C73-40D5-B7A8-ECACF69C8637}"
EndProject
Project("{FAE04EC0-301F-11D3-BF4B-00C04F79EFBC}") = "SunRizStudio", "SunRizStudio\SunRizStudio.csproj", "{150345BE-726E-4256-B606-53B4932CF19B}"
EndProject
Project("{9A19103F-16F7-4668-BE54-9A1E7A4F7556}") = "SunRizServer", "SunRizServer\SunRizServer.csproj", "{5BA43AF6-0497-43CE-A73B-F2F4867299C1}"
EndProject
Project("{FAE04EC0-301F-11D3-BF4B-00C04F79EFBC}") = "SunRizModbusTcpDriver", "SunRizModbusTcpDriver\SunRizModbusTcpDriver.csproj", "{42565D23-31C3-4856-BB23-E6C437C9BF6F}"
EndProject
Project("{FAE04EC0-301F-11D3-BF4B-00C04F79EFBC}") = "SunRizModbusTcpDriverUnitTest", "SunRizModbusTcpDriverUnitTest\SunRizModbusTcpDriverUnitTest.csproj", "{EEF791CA-1A1C-4713-A8A0-5C2FC7588D0B}"
EndProject
Project("{FAE04EC0-301F-11D3-BF4B-00C04F79EFBC}") = "SunRizDriver", "SunRizDriver\SunRizDriver.csproj", "{E024AB64-CDFB-4299-A7AC-655F0AE986BF}"
EndProject
Project("{FAE04EC0-301F-11D3-BF4B-00C04F79EFBC}") = "SunRizOpcDriver", "SunRizOpcDriver\SunRizOpcDriver.csproj", "{5981E0C3-159B-4462-A622-6D85A104165C}"
EndProject
Global
	GlobalSection(SolutionConfigurationPlatforms) = preSolution
		Debug|Any CPU = Debug|Any CPU
		Release|Any CPU = Release|Any CPU
	EndGlobalSection
	GlobalSection(ProjectConfigurationPlatforms) = postSolution
		{B8036D92-2D73-428E-B12A-79D39F0BEDF2}.Debug|Any CPU.ActiveCfg = Debug|Any CPU
		{B8036D92-2D73-428E-B12A-79D39F0BEDF2}.Debug|Any CPU.Build.0 = Debug|Any CPU
		{B8036D92-2D73-428E-B12A-79D39F0BEDF2}.Release|Any CPU.ActiveCfg = Release|Any CPU
		{B8036D92-2D73-428E-B12A-79D39F0BEDF2}.Release|Any CPU.Build.0 = Release|Any CPU
		{90F86D77-0178-46B5-BF34-9F80D14CC343}.Debug|Any CPU.ActiveCfg = Debug|Any CPU
		{90F86D77-0178-46B5-BF34-9F80D14CC343}.Debug|Any CPU.Build.0 = Debug|Any CPU
		{90F86D77-0178-46B5-BF34-9F80D14CC343}.Release|Any CPU.ActiveCfg = Release|Any CPU
		{90F86D77-0178-46B5-BF34-9F80D14CC343}.Release|Any CPU.Build.0 = Release|Any CPU
		{14DC2FE1-93EF-409C-95F0-81FC2D738FE9}.Debug|Any CPU.ActiveCfg = Debug|Any CPU
		{14DC2FE1-93EF-409C-95F0-81FC2D738FE9}.Debug|Any CPU.Build.0 = Debug|Any CPU
		{14DC2FE1-93EF-409C-95F0-81FC2D738FE9}.Release|Any CPU.ActiveCfg = Release|Any CPU
		{14DC2FE1-93EF-409C-95F0-81FC2D738FE9}.Release|Any CPU.Build.0 = Release|Any CPU
		{5698AEF7-FE1C-4ECD-A615-04AC7342F552}.Debug|Any CPU.ActiveCfg = Debug|Any CPU
		{5698AEF7-FE1C-4ECD-A615-04AC7342F552}.Debug|Any CPU.Build.0 = Debug|Any CPU
		{5698AEF7-FE1C-4ECD-A615-04AC7342F552}.Release|Any CPU.ActiveCfg = Release|Any CPU
		{5698AEF7-FE1C-4ECD-A615-04AC7342F552}.Release|Any CPU.Build.0 = Release|Any CPU
		{37444D21-CB0B-4AF2-A35A-9B78E1464361}.Debug|Any CPU.ActiveCfg = Debug|Any CPU
		{37444D21-CB0B-4AF2-A35A-9B78E1464361}.Debug|Any CPU.Build.0 = Debug|Any CPU
		{37444D21-CB0B-4AF2-A35A-9B78E1464361}.Release|Any CPU.ActiveCfg = Release|Any CPU
		{37444D21-CB0B-4AF2-A35A-9B78E1464361}.Release|Any CPU.Build.0 = Release|Any CPU
		{F4864DDF-59A4-4DD3-8125-1735D93D640C}.Debug|Any CPU.ActiveCfg = Debug|Any CPU
		{F4864DDF-59A4-4DD3-8125-1735D93D640C}.Debug|Any CPU.Build.0 = Debug|Any CPU
		{F4864DDF-59A4-4DD3-8125-1735D93D640C}.Release|Any CPU.ActiveCfg = Release|Any CPU
		{F4864DDF-59A4-4DD3-8125-1735D93D640C}.Release|Any CPU.Build.0 = Release|Any CPU
		{D7D0E99D-0068-4DFD-AAF2-0FDC2B4448DE}.Debug|Any CPU.ActiveCfg = Debug|Any CPU
		{D7D0E99D-0068-4DFD-AAF2-0FDC2B4448DE}.Debug|Any CPU.Build.0 = Debug|Any CPU
		{D7D0E99D-0068-4DFD-AAF2-0FDC2B4448DE}.Release|Any CPU.ActiveCfg = Release|Any CPU
		{D7D0E99D-0068-4DFD-AAF2-0FDC2B4448DE}.Release|Any CPU.Build.0 = Release|Any CPU
		{FE39FFD1-9B21-476E-83F9-50B65B8C75C1}.Debug|Any CPU.ActiveCfg = Debug|Any CPU
		{FE39FFD1-9B21-476E-83F9-50B65B8C75C1}.Debug|Any CPU.Build.0 = Debug|Any CPU
		{FE39FFD1-9B21-476E-83F9-50B65B8C75C1}.Release|Any CPU.ActiveCfg = Release|Any CPU
		{FE39FFD1-9B21-476E-83F9-50B65B8C75C1}.Release|Any CPU.Build.0 = Release|Any CPU
		{F7D593FF-A51A-4A20-8DA4-17EB11B76CFB}.Debug|Any CPU.ActiveCfg = Debug|Any CPU
		{F7D593FF-A51A-4A20-8DA4-17EB11B76CFB}.Debug|Any CPU.Build.0 = Debug|Any CPU
		{F7D593FF-A51A-4A20-8DA4-17EB11B76CFB}.Release|Any CPU.ActiveCfg = Release|Any CPU
		{F7D593FF-A51A-4A20-8DA4-17EB11B76CFB}.Release|Any CPU.Build.0 = Release|Any CPU
		{BC71C20D-22C5-4C25-98C1-2F7C4D660B2B}.Debug|Any CPU.ActiveCfg = Debug|Any CPU
		{BC71C20D-22C5-4C25-98C1-2F7C4D660B2B}.Debug|Any CPU.Build.0 = Debug|Any CPU
		{BC71C20D-22C5-4C25-98C1-2F7C4D660B2B}.Release|Any CPU.ActiveCfg = Release|Any CPU
		{BC71C20D-22C5-4C25-98C1-2F7C4D660B2B}.Release|Any CPU.Build.0 = Release|Any CPU
		{436D2EE6-3EBB-455E-8ACC-934071C4A385}.Debug|Any CPU.ActiveCfg = Debug|Any CPU
		{436D2EE6-3EBB-455E-8ACC-934071C4A385}.Debug|Any CPU.Build.0 = Debug|Any CPU
		{436D2EE6-3EBB-455E-8ACC-934071C4A385}.Release|Any CPU.ActiveCfg = Release|Any CPU
		{436D2EE6-3EBB-455E-8ACC-934071C4A385}.Release|Any CPU.Build.0 = Release|Any CPU
		{E0F8AC82-91DD-4F6D-A15F-BAD003667C15}.Debug|Any CPU.ActiveCfg = Debug|Any CPU
		{E0F8AC82-91DD-4F6D-A15F-BAD003667C15}.Debug|Any CPU.Build.0 = Debug|Any CPU
		{E0F8AC82-91DD-4F6D-A15F-BAD003667C15}.Release|Any CPU.ActiveCfg = Release|Any CPU
		{E0F8AC82-91DD-4F6D-A15F-BAD003667C15}.Release|Any CPU.Build.0 = Release|Any CPU
		{5B71FF0E-ED43-43EA-AD75-D9AFFBE16122}.Debug|Any CPU.ActiveCfg = Debug|Any CPU
		{5B71FF0E-ED43-43EA-AD75-D9AFFBE16122}.Debug|Any CPU.Build.0 = Debug|Any CPU
		{5B71FF0E-ED43-43EA-AD75-D9AFFBE16122}.Release|Any CPU.ActiveCfg = Release|Any CPU
		{5B71FF0E-ED43-43EA-AD75-D9AFFBE16122}.Release|Any CPU.Build.0 = Release|Any CPU
		{BAC10FAA-B2B9-4A43-A807-857AA1C0C616}.Debug|Any CPU.ActiveCfg = Debug|Any CPU
		{BAC10FAA-B2B9-4A43-A807-857AA1C0C616}.Debug|Any CPU.Build.0 = Debug|Any CPU
		{BAC10FAA-B2B9-4A43-A807-857AA1C0C616}.Release|Any CPU.ActiveCfg = Release|Any CPU
		{BAC10FAA-B2B9-4A43-A807-857AA1C0C616}.Release|Any CPU.Build.0 = Release|Any CPU
		{09E21982-D028-497A-8990-633BAD8332F3}.Debug|Any CPU.ActiveCfg = Debug|Any CPU
		{09E21982-D028-497A-8990-633BAD8332F3}.Debug|Any CPU.Build.0 = Debug|Any CPU
		{09E21982-D028-497A-8990-633BAD8332F3}.Release|Any CPU.ActiveCfg = Release|Any CPU
		{09E21982-D028-497A-8990-633BAD8332F3}.Release|Any CPU.Build.0 = Release|Any CPU
		{7ABF958A-1C73-40D5-B7A8-ECACF69C8637}.Debug|Any CPU.ActiveCfg = Debug|Any CPU
		{7ABF958A-1C73-40D5-B7A8-ECACF69C8637}.Debug|Any CPU.Build.0 = Debug|Any CPU
		{7ABF958A-1C73-40D5-B7A8-ECACF69C8637}.Release|Any CPU.ActiveCfg = Release|Any CPU
		{7ABF958A-1C73-40D5-B7A8-ECACF69C8637}.Release|Any CPU.Build.0 = Release|Any CPU
		{150345BE-726E-4256-B606-53B4932CF19B}.Debug|Any CPU.ActiveCfg = Debug|Any CPU
		{150345BE-726E-4256-B606-53B4932CF19B}.Debug|Any CPU.Build.0 = Debug|Any CPU
		{150345BE-726E-4256-B606-53B4932CF19B}.Release|Any CPU.ActiveCfg = Release|Any CPU
		{150345BE-726E-4256-B606-53B4932CF19B}.Release|Any CPU.Build.0 = Release|Any CPU
		{5BA43AF6-0497-43CE-A73B-F2F4867299C1}.Debug|Any CPU.ActiveCfg = Debug|Any CPU
		{5BA43AF6-0497-43CE-A73B-F2F4867299C1}.Debug|Any CPU.Build.0 = Debug|Any CPU
		{5BA43AF6-0497-43CE-A73B-F2F4867299C1}.Release|Any CPU.ActiveCfg = Release|Any CPU
		{5BA43AF6-0497-43CE-A73B-F2F4867299C1}.Release|Any CPU.Build.0 = Release|Any CPU
		{42565D23-31C3-4856-BB23-E6C437C9BF6F}.Debug|Any CPU.ActiveCfg = Debug|Any CPU
		{42565D23-31C3-4856-BB23-E6C437C9BF6F}.Debug|Any CPU.Build.0 = Debug|Any CPU
		{42565D23-31C3-4856-BB23-E6C437C9BF6F}.Release|Any CPU.ActiveCfg = Release|Any CPU
		{42565D23-31C3-4856-BB23-E6C437C9BF6F}.Release|Any CPU.Build.0 = Release|Any CPU
		{EEF791CA-1A1C-4713-A8A0-5C2FC7588D0B}.Debug|Any CPU.ActiveCfg = Debug|Any CPU
		{EEF791CA-1A1C-4713-A8A0-5C2FC7588D0B}.Debug|Any CPU.Build.0 = Debug|Any CPU
		{EEF791CA-1A1C-4713-A8A0-5C2FC7588D0B}.Release|Any CPU.ActiveCfg = Release|Any CPU
		{EEF791CA-1A1C-4713-A8A0-5C2FC7588D0B}.Release|Any CPU.Build.0 = Release|Any CPU
		{E024AB64-CDFB-4299-A7AC-655F0AE986BF}.Debug|Any CPU.ActiveCfg = Debug|Any CPU
		{E024AB64-CDFB-4299-A7AC-655F0AE986BF}.Debug|Any CPU.Build.0 = Debug|Any CPU
		{E024AB64-CDFB-4299-A7AC-655F0AE986BF}.Release|Any CPU.ActiveCfg = Release|Any CPU
		{E024AB64-CDFB-4299-A7AC-655F0AE986BF}.Release|Any CPU.Build.0 = Release|Any CPU
		{5981E0C3-159B-4462-A622-6D85A104165C}.Debug|Any CPU.ActiveCfg = Debug|Any CPU
		{5981E0C3-159B-4462-A622-6D85A104165C}.Debug|Any CPU.Build.0 = Debug|Any CPU
		{5981E0C3-159B-4462-A622-6D85A104165C}.Release|Any CPU.ActiveCfg = Release|Any CPU
		{5981E0C3-159B-4462-A622-6D85A104165C}.Release|Any CPU.Build.0 = Release|Any CPU
	EndGlobalSection
	GlobalSection(SolutionProperties) = preSolution
		HideSolutionNode = FALSE
	EndGlobalSection
	GlobalSection(ExtensibilityGlobals) = postSolution
		SolutionGuid = {C2589AF6-02A5-49BF-9C2D-53F41E3951F5}
	EndGlobalSection
EndGlobal
