
Microsoft Visual Studio Solution File, Format Version 12.00
# Visual Studio Version 16
VisualStudioVersion = 16.0.29609.76
MinimumVisualStudioVersion = 10.0.40219.1
Project("{2150E333-8FDC-42A3-9474-1A3956D46DE8}") = "Solution Items", "Solution Items", "{B0BFDD8E-7A73-4D5E-A1C0-BC212AFB5E8B}"
EndProject
Project("{9A19103F-16F7-4668-BE54-9A1E7A4F7556}") = "Way.Lib", "Way.Lib\Way.Lib.csproj", "{5698AEF7-FE1C-4ECD-A615-04AC7342F552}"
EndProject
Project("{9A19103F-16F7-4668-BE54-9A1E7A4F7556}") = "Way.Lib.ScriptRemoting", "Way.Lib.ScriptRemoting\Way.Lib.ScriptRemoting.csproj", "{37444D21-CB0B-4AF2-A35A-9B78E1464361}"
EndProject
Project("{9A19103F-16F7-4668-BE54-9A1E7A4F7556}") = "Way.Lib.ScriptRemoting.Test", "Way.Lib.ScriptRemoting.Test\Way.Lib.ScriptRemoting.Test.csproj", "{F4864DDF-59A4-4DD3-8125-1735D93D640C}"
EndProject
Project("{FAE04EC0-301F-11D3-BF4B-00C04F79EFBC}") = "Way.Lib.VSIX", "Way.Lib.VSIX\Way.Lib.VSIX.csproj", "{FE39FFD1-9B21-476E-83F9-50B65B8C75C1}"
EndProject
Project("{FAE04EC0-301F-11D3-BF4B-00C04F79EFBC}") = "Way.Lib.VSIX.Extend", "Way.Lib.VSIX.Extend\Way.Lib.VSIX.Extend.csproj", "{F7D593FF-A51A-4A20-8DA4-17EB11B76CFB}"
EndProject
Project("{FAE04EC0-301F-11D3-BF4B-00C04F79EFBC}") = "Way.Lib.VSIX.Extend.Test", "Way.Lib.VSIX.Extend.Test\Way.Lib.VSIX.Extend.Test.csproj", "{BC71C20D-22C5-4C25-98C1-2F7C4D660B2B}"
EndProject
Project("{FAE04EC0-301F-11D3-BF4B-00C04F79EFBC}") = "Way.Lib.Pay", "Way.Lib.Pay\Way.Lib.Pay.csproj", "{436D2EE6-3EBB-455E-8ACC-934071C4A385}"
EndProject
Project("{FAE04EC0-301F-11D3-BF4B-00C04F79EFBC}") = "Way.WindowsService", "Way.WindowsService\Way.WindowsService\Way.WindowsService.csproj", "{D6A7C131-4A0F-4D02-922F-EC814CAA66CE}"
EndProject
Project("{FAE04EC0-301F-11D3-BF4B-00C04F79EFBC}") = "RemoteWindow", "RemoteWindow\RemoteWindow.csproj", "{C19D9123-01F7-4057-9AC3-1CFD4572F884}"
EndProject
Project("{FAE04EC0-301F-11D3-BF4B-00C04F79EFBC}") = "Way.Lib.ScriptRemoting.Test.Web", "Way.Lib.ScriptRemoting.Test.Web\Way.Lib.ScriptRemoting.Test.Web.csproj", "{D7D0E99D-0068-4DFD-AAF2-0FDC2B4448DE}"
EndProject
Project("{9A19103F-16F7-4668-BE54-9A1E7A4F7556}") = "UnitTest", "UnitTest\UnitTest.csproj", "{EE9D4E0C-2D64-40BF-A7B0-69A06F60770C}"
EndProject
Global
	GlobalSection(SolutionConfigurationPlatforms) = preSolution
		Debug|Any CPU = Debug|Any CPU
		Release|Any CPU = Release|Any CPU
	EndGlobalSection
	GlobalSection(ProjectConfigurationPlatforms) = postSolution
		{5698AEF7-FE1C-4ECD-A615-04AC7342F552}.Debug|Any CPU.ActiveCfg = Debug|Any CPU
		{5698AEF7-FE1C-4ECD-A615-04AC7342F552}.Debug|Any CPU.Build.0 = Debug|Any CPU
		{5698AEF7-FE1C-4ECD-A615-04AC7342F552}.Release|Any CPU.ActiveCfg = Release|Any CPU
		{5698AEF7-FE1C-4ECD-A615-04AC7342F552}.Release|Any CPU.Build.0 = Release|Any CPU
		{37444D21-CB0B-4AF2-A35A-9B78E1464361}.Debug|Any CPU.ActiveCfg = Debug|Any CPU
		{37444D21-CB0B-4AF2-A35A-9B78E1464361}.Debug|Any CPU.Build.0 = Debug|Any CPU
		{37444D21-CB0B-4AF2-A35A-9B78E1464361}.Release|Any CPU.ActiveCfg = Release|Any CPU
		{37444D21-CB0B-4AF2-A35A-9B78E1464361}.Release|Any CPU.Build.0 = Release|Any CPU
		{F4864DDF-59A4-4DD3-8125-1735D93D640C}.Debug|Any CPU.ActiveCfg = Debug|Any CPU
		{F4864DDF-59A4-4DD3-8125-1735D93D640C}.Debug|Any CPU.Build.0 = Debug|Any CPU
		{F4864DDF-59A4-4DD3-8125-1735D93D640C}.Release|Any CPU.ActiveCfg = Release|Any CPU
		{F4864DDF-59A4-4DD3-8125-1735D93D640C}.Release|Any CPU.Build.0 = Release|Any CPU
		{FE39FFD1-9B21-476E-83F9-50B65B8C75C1}.Debug|Any CPU.ActiveCfg = Debug|Any CPU
		{FE39FFD1-9B21-476E-83F9-50B65B8C75C1}.Debug|Any CPU.Build.0 = Debug|Any CPU
		{FE39FFD1-9B21-476E-83F9-50B65B8C75C1}.Release|Any CPU.ActiveCfg = Release|Any CPU
		{FE39FFD1-9B21-476E-83F9-50B65B8C75C1}.Release|Any CPU.Build.0 = Release|Any CPU
		{F7D593FF-A51A-4A20-8DA4-17EB11B76CFB}.Debug|Any CPU.ActiveCfg = Debug|Any CPU
		{F7D593FF-A51A-4A20-8DA4-17EB11B76CFB}.Debug|Any CPU.Build.0 = Debug|Any CPU
		{F7D593FF-A51A-4A20-8DA4-17EB11B76CFB}.Release|Any CPU.ActiveCfg = Release|Any CPU
		{F7D593FF-A51A-4A20-8DA4-17EB11B76CFB}.Release|Any CPU.Build.0 = Release|Any CPU
		{BC71C20D-22C5-4C25-98C1-2F7C4D660B2B}.Debug|Any CPU.ActiveCfg = Debug|Any CPU
		{BC71C20D-22C5-4C25-98C1-2F7C4D660B2B}.Debug|Any CPU.Build.0 = Debug|Any CPU
		{BC71C20D-22C5-4C25-98C1-2F7C4D660B2B}.Release|Any CPU.ActiveCfg = Release|Any CPU
		{BC71C20D-22C5-4C25-98C1-2F7C4D660B2B}.Release|Any CPU.Build.0 = Release|Any CPU
		{436D2EE6-3EBB-455E-8ACC-934071C4A385}.Debug|Any CPU.ActiveCfg = Debug|Any CPU
		{436D2EE6-3EBB-455E-8ACC-934071C4A385}.Debug|Any CPU.Build.0 = Debug|Any CPU
		{436D2EE6-3EBB-455E-8ACC-934071C4A385}.Release|Any CPU.ActiveCfg = Release|Any CPU
		{436D2EE6-3EBB-455E-8ACC-934071C4A385}.Release|Any CPU.Build.0 = Release|Any CPU
		{D6A7C131-4A0F-4D02-922F-EC814CAA66CE}.Debug|Any CPU.ActiveCfg = Debug|Any CPU
		{D6A7C131-4A0F-4D02-922F-EC814CAA66CE}.Debug|Any CPU.Build.0 = Debug|Any CPU
		{D6A7C131-4A0F-4D02-922F-EC814CAA66CE}.Release|Any CPU.ActiveCfg = Release|Any CPU
		{D6A7C131-4A0F-4D02-922F-EC814CAA66CE}.Release|Any CPU.Build.0 = Release|Any CPU
		{C19D9123-01F7-4057-9AC3-1CFD4572F884}.Debug|Any CPU.ActiveCfg = Debug|Any CPU
		{C19D9123-01F7-4057-9AC3-1CFD4572F884}.Debug|Any CPU.Build.0 = Debug|Any CPU
		{C19D9123-01F7-4057-9AC3-1CFD4572F884}.Release|Any CPU.ActiveCfg = Release|Any CPU
		{C19D9123-01F7-4057-9AC3-1CFD4572F884}.Release|Any CPU.Build.0 = Release|Any CPU
		{D7D0E99D-0068-4DFD-AAF2-0FDC2B4448DE}.Debug|Any CPU.ActiveCfg = Debug|Any CPU
		{D7D0E99D-0068-4DFD-AAF2-0FDC2B4448DE}.Debug|Any CPU.Build.0 = Debug|Any CPU
		{D7D0E99D-0068-4DFD-AAF2-0FDC2B4448DE}.Release|Any CPU.ActiveCfg = Release|Any CPU
		{D7D0E99D-0068-4DFD-AAF2-0FDC2B4448DE}.Release|Any CPU.Build.0 = Release|Any CPU
		{EE9D4E0C-2D64-40BF-A7B0-69A06F60770C}.Debug|Any CPU.ActiveCfg = Debug|Any CPU
		{EE9D4E0C-2D64-40BF-A7B0-69A06F60770C}.Debug|Any CPU.Build.0 = Debug|Any CPU
		{EE9D4E0C-2D64-40BF-A7B0-69A06F60770C}.Release|Any CPU.ActiveCfg = Release|Any CPU
		{EE9D4E0C-2D64-40BF-A7B0-69A06F60770C}.Release|Any CPU.Build.0 = Release|Any CPU
	EndGlobalSection
	GlobalSection(SolutionProperties) = preSolution
		HideSolutionNode = FALSE
	EndGlobalSection
	GlobalSection(ExtensibilityGlobals) = postSolution
		SolutionGuid = {C2589AF6-02A5-49BF-9C2D-53F41E3951F5}
	EndGlobalSection
EndGlobal
